
Microsoft Visual Studio Solution File, Format Version 12.00
# Visual Studio Version 17
VisualStudioVersion = 17.6.33723.286
MinimumVisualStudioVersion = 10.0.40219.1
Project("{8BC9CEB8-8B4A-11D0-8D11-00A0C91BC942}") = "control6.1", "control6.1\control6.1.vcxproj", "{B454195B-FC1C-4ABD-B4C6-EF6A019425D8}"
EndProject
Project("{8BC9CEB8-8B4A-11D0-8D11-00A0C91BC942}") = "control6.2", "control6.2\control6.2.vcxproj", "{91A558E5-4820-469F-9939-732D4C563D15}"
EndProject
Global
	GlobalSection(SolutionConfigurationPlatforms) = preSolution
		Debug|x64 = Debug|x64
		Debug|x86 = Debug|x86
		Release|x64 = Release|x64
		Release|x86 = Release|x86
	EndGlobalSection
	GlobalSection(ProjectConfigurationPlatforms) = postSolution
		{B454195B-FC1C-4ABD-B4C6-EF6A019425D8}.Debug|x64.ActiveCfg = Debug|x64
		{B454195B-FC1C-4ABD-B4C6-EF6A019425D8}.Debug|x64.Build.0 = Debug|x64
		{B454195B-FC1C-4ABD-B4C6-EF6A019425D8}.Debug|x86.ActiveCfg = Debug|Win32
		{B454195B-FC1C-4ABD-B4C6-EF6A019425D8}.Debug|x86.Build.0 = Debug|Win32
		{B454195B-FC1C-4ABD-B4C6-EF6A019425D8}.Release|x64.ActiveCfg = Release|x64
		{B454195B-FC1C-4ABD-B4C6-EF6A019425D8}.Release|x64.Build.0 = Release|x64
		{B454195B-FC1C-4ABD-B4C6-EF6A019425D8}.Release|x86.ActiveCfg = Release|Win32
		{B454195B-FC1C-4ABD-B4C6-EF6A019425D8}.Release|x86.Build.0 = Release|Win32
		{91A558E5-4820-469F-9939-732D4C563D15}.Debug|x64.ActiveCfg = Debug|x64
		{91A558E5-4820-469F-9939-732D4C563D15}.Debug|x64.Build.0 = Debug|x64
		{91A558E5-4820-469F-9939-732D4C563D15}.Debug|x86.ActiveCfg = Debug|Win32
		{91A558E5-4820-469F-9939-732D4C563D15}.Debug|x86.Build.0 = Debug|Win32
		{91A558E5-4820-469F-9939-732D4C563D15}.Release|x64.ActiveCfg = Release|x64
		{91A558E5-4820-469F-9939-732D4C563D15}.Release|x64.Build.0 = Release|x64
		{91A558E5-4820-469F-9939-732D4C563D15}.Release|x86.ActiveCfg = Release|Win32
		{91A558E5-4820-469F-9939-732D4C563D15}.Release|x86.Build.0 = Release|Win32
	EndGlobalSection
	GlobalSection(SolutionProperties) = preSolution
		HideSolutionNode = FALSE
	EndGlobalSection
	GlobalSection(ExtensibilityGlobals) = postSolution
		SolutionGuid = {28F7732A-26BA-4DC4-B1BD-5EF0215DA6F7}
	EndGlobalSection
EndGlobal
